// !$*UTF8*$!
{
	archiveVersion = 1;
	classes = {
	};
	objectVersion = 56;
	objects = {

/* Begin PBXBuildFile section */
		9E05D30A2AD5431300F4CA43 /* AppDelegate.swift in Sources */ = {isa = PBXBuildFile; fileRef = 9E05D3092AD5431300F4CA43 /* AppDelegate.swift */; };
		9E05D30C2AD5431300F4CA43 /* SceneDelegate.swift in Sources */ = {isa = PBXBuildFile; fileRef = 9E05D30B2AD5431300F4CA43 /* SceneDelegate.swift */; };
		9E05D30E2AD5431300F4CA43 /* BaseViewController.swift in Sources */ = {isa = PBXBuildFile; fileRef = 9E05D30D2AD5431300F4CA43 /* BaseViewController.swift */; };
		9E05D3132AD5431500F4CA43 /* Assets.xcassets in Resources */ = {isa = PBXBuildFile; fileRef = 9E05D3122AD5431500F4CA43 /* Assets.xcassets */; };
		9E05D3162AD5431500F4CA43 /* LaunchScreen.storyboard in Resources */ = {isa = PBXBuildFile; fileRef = 9E05D3142AD5431500F4CA43 /* LaunchScreen.storyboard */; };
		9E05D3272AD5439900F4CA43 /* Config.swift in Sources */ = {isa = PBXBuildFile; fileRef = 9E05D3262AD5439900F4CA43 /* Config.swift */; };
		9E05D3292AD5439F00F4CA43 /* API.swift in Sources */ = {isa = PBXBuildFile; fileRef = 9E05D3282AD5439F00F4CA43 /* API.swift */; };
		9E05D32B2AD543AA00F4CA43 /* DTO.swift in Sources */ = {isa = PBXBuildFile; fileRef = 9E05D32A2AD543AA00F4CA43 /* DTO.swift */; };
		9E05D32D2AD543BD00F4CA43 /* BaseResponse.swift in Sources */ = {isa = PBXBuildFile; fileRef = 9E05D32C2AD543BD00F4CA43 /* BaseResponse.swift */; };
		9E05D3302AD6719E00F4CA43 /* BaseView.swift in Sources */ = {isa = PBXBuildFile; fileRef = 9E05D32F2AD6719E00F4CA43 /* BaseView.swift */; };
		9E05D3332AD671BD00F4CA43 /* Alamofire in Frameworks */ = {isa = PBXBuildFile; productRef = 9E05D3322AD671BD00F4CA43 /* Alamofire */; };
		9E05D3362AD671C600F4CA43 /* Then in Frameworks */ = {isa = PBXBuildFile; productRef = 9E05D3352AD671C600F4CA43 /* Then */; };
		9E05D3392AD671CE00F4CA43 /* SnapKit in Frameworks */ = {isa = PBXBuildFile; productRef = 9E05D3382AD671CE00F4CA43 /* SnapKit */; };
		9E05D33B2AD671CE00F4CA43 /* SnapKit-Dynamic in Frameworks */ = {isa = PBXBuildFile; productRef = 9E05D33A2AD671CE00F4CA43 /* SnapKit-Dynamic */; };
		9E05D33E2AD671D800F4CA43 /* Kingfisher in Frameworks */ = {isa = PBXBuildFile; productRef = 9E05D33D2AD671D800F4CA43 /* Kingfisher */; };
		9E05D3432AD6722F00F4CA43 /* Font.swift in Sources */ = {isa = PBXBuildFile; fileRef = 9E05D3422AD6722F00F4CA43 /* Font.swift */; };
		9E05D3472AD6725F00F4CA43 /* Image.swift in Sources */ = {isa = PBXBuildFile; fileRef = 9E05D3462AD6725F00F4CA43 /* Image.swift */; };
		9E05D3492AD6728F00F4CA43 /* UIView++.swift in Sources */ = {isa = PBXBuildFile; fileRef = 9E05D3482AD6728F00F4CA43 /* UIView++.swift */; };
		9E05D34B2AD672EB00F4CA43 /* UIStackView++.swift in Sources */ = {isa = PBXBuildFile; fileRef = 9E05D34A2AD672EB00F4CA43 /* UIStackView++.swift */; };
		9E05D34D2AD672FE00F4CA43 /* UIResponder++.swift in Sources */ = {isa = PBXBuildFile; fileRef = 9E05D34C2AD672FE00F4CA43 /* UIResponder++.swift */; };
		9E05D34F2AD6731200F4CA43 /* UIViewController++.swift in Sources */ = {isa = PBXBuildFile; fileRef = 9E05D34E2AD6731200F4CA43 /* UIViewController++.swift */; };
		9E05D3512AD6732F00F4CA43 /* UITextField++.swift in Sources */ = {isa = PBXBuildFile; fileRef = 9E05D3502AD6732F00F4CA43 /* UITextField++.swift */; };
		9E05D3532AD6734600F4CA43 /* UIButton++.swift in Sources */ = {isa = PBXBuildFile; fileRef = 9E05D3522AD6734600F4CA43 /* UIButton++.swift */; };
		9E05D3552AD6736000F4CA43 /* UIColor++.swift in Sources */ = {isa = PBXBuildFile; fileRef = 9E05D3542AD6736000F4CA43 /* UIColor++.swift */; };
		9E76B90A2AFCA78500338E2C /* URLConst.swift in Sources */ = {isa = PBXBuildFile; fileRef = 9E76B9092AFCA78500338E2C /* URLConst.swift */; };
		9E76B90C2AFCA79B00338E2C /* NetworkResult.swift in Sources */ = {isa = PBXBuildFile; fileRef = 9E76B90B2AFCA79B00338E2C /* NetworkResult.swift */; };
		9E76B90E2AFCA7A600338E2C /* BaseTargetType.swift in Sources */ = {isa = PBXBuildFile; fileRef = 9E76B90D2AFCA7A600338E2C /* BaseTargetType.swift */; };
		9E76B9102AFCA7B200338E2C /* BaseAPI.swift in Sources */ = {isa = PBXBuildFile; fileRef = 9E76B90F2AFCA7B200338E2C /* BaseAPI.swift */; };
		9E76B9122AFCA7BD00338E2C /* AFLogger.swift in Sources */ = {isa = PBXBuildFile; fileRef = 9E76B9112AFCA7BD00338E2C /* AFLogger.swift */; };
		9E9307362AEFB7E600E8C667 /* BaseRouter.swift in Sources */ = {isa = PBXBuildFile; fileRef = 9E9307352AEFB7E600E8C667 /* BaseRouter.swift */; };
		E31AFE2E2AF0F3790066448E /* CalendarViewController.swift in Sources */ = {isa = PBXBuildFile; fileRef = E31AFE2D2AF0F3790066448E /* CalendarViewController.swift */; };
		E31AFE302AF0F6370066448E /* retrospectDataModel.swift in Sources */ = {isa = PBXBuildFile; fileRef = E31AFE2F2AF0F6370066448E /* retrospectDataModel.swift */; };
		E36B663D2AFB7DC8006888C8 /* retrospectTableViewCell.swift in Sources */ = {isa = PBXBuildFile; fileRef = E36B663C2AFB7DC8006888C8 /* retrospectTableViewCell.swift */; };
		E3A9A2C92AFE3CB4005D6E80 /* WriteView.swift in Sources */ = {isa = PBXBuildFile; fileRef = E3A9A2C82AFE3CB4005D6E80 /* WriteView.swift */; };
		E3A9A2CB2AFE3CC2005D6E80 /* WriteViewController.swift in Sources */ = {isa = PBXBuildFile; fileRef = E3A9A2CA2AFE3CC2005D6E80 /* WriteViewController.swift */; };
/* End PBXBuildFile section */

/* Begin PBXFileReference section */
		9E05D3062AD5431300F4CA43 /* Footmark.app */ = {isa = PBXFileReference; explicitFileType = wrapper.application; includeInIndex = 0; path = Footmark.app; sourceTree = BUILT_PRODUCTS_DIR; };
		9E05D3092AD5431300F4CA43 /* AppDelegate.swift */ = {isa = PBXFileReference; lastKnownFileType = sourcecode.swift; path = AppDelegate.swift; sourceTree = "<group>"; };
		9E05D30B2AD5431300F4CA43 /* SceneDelegate.swift */ = {isa = PBXFileReference; lastKnownFileType = sourcecode.swift; path = SceneDelegate.swift; sourceTree = "<group>"; };
		9E05D30D2AD5431300F4CA43 /* BaseViewController.swift */ = {isa = PBXFileReference; lastKnownFileType = sourcecode.swift; path = BaseViewController.swift; sourceTree = "<group>"; };
		9E05D3122AD5431500F4CA43 /* Assets.xcassets */ = {isa = PBXFileReference; lastKnownFileType = folder.assetcatalog; path = Assets.xcassets; sourceTree = "<group>"; };
		9E05D3152AD5431500F4CA43 /* Base */ = {isa = PBXFileReference; lastKnownFileType = file.storyboard; name = Base; path = Base.lproj/LaunchScreen.storyboard; sourceTree = "<group>"; };
		9E05D3172AD5431500F4CA43 /* Info.plist */ = {isa = PBXFileReference; lastKnownFileType = text.plist.xml; path = Info.plist; sourceTree = "<group>"; };
		9E05D3262AD5439900F4CA43 /* Config.swift */ = {isa = PBXFileReference; lastKnownFileType = sourcecode.swift; path = Config.swift; sourceTree = "<group>"; };
		9E05D3282AD5439F00F4CA43 /* API.swift */ = {isa = PBXFileReference; lastKnownFileType = sourcecode.swift; path = API.swift; sourceTree = "<group>"; };
		9E05D32A2AD543AA00F4CA43 /* DTO.swift */ = {isa = PBXFileReference; lastKnownFileType = sourcecode.swift; path = DTO.swift; sourceTree = "<group>"; };
		9E05D32C2AD543BD00F4CA43 /* BaseResponse.swift */ = {isa = PBXFileReference; lastKnownFileType = sourcecode.swift; path = BaseResponse.swift; sourceTree = "<group>"; };
		9E05D32F2AD6719E00F4CA43 /* BaseView.swift */ = {isa = PBXFileReference; lastKnownFileType = sourcecode.swift; path = BaseView.swift; sourceTree = "<group>"; };
		9E05D3422AD6722F00F4CA43 /* Font.swift */ = {isa = PBXFileReference; lastKnownFileType = sourcecode.swift; path = Font.swift; sourceTree = "<group>"; };
		9E05D3462AD6725F00F4CA43 /* Image.swift */ = {isa = PBXFileReference; lastKnownFileType = sourcecode.swift; path = Image.swift; sourceTree = "<group>"; };
		9E05D3482AD6728F00F4CA43 /* UIView++.swift */ = {isa = PBXFileReference; lastKnownFileType = sourcecode.swift; path = "UIView++.swift"; sourceTree = "<group>"; };
		9E05D34A2AD672EB00F4CA43 /* UIStackView++.swift */ = {isa = PBXFileReference; lastKnownFileType = sourcecode.swift; path = "UIStackView++.swift"; sourceTree = "<group>"; };
		9E05D34C2AD672FE00F4CA43 /* UIResponder++.swift */ = {isa = PBXFileReference; lastKnownFileType = sourcecode.swift; path = "UIResponder++.swift"; sourceTree = "<group>"; };
		9E05D34E2AD6731200F4CA43 /* UIViewController++.swift */ = {isa = PBXFileReference; lastKnownFileType = sourcecode.swift; path = "UIViewController++.swift"; sourceTree = "<group>"; };
		9E05D3502AD6732F00F4CA43 /* UITextField++.swift */ = {isa = PBXFileReference; lastKnownFileType = sourcecode.swift; path = "UITextField++.swift"; sourceTree = "<group>"; };
		9E05D3522AD6734600F4CA43 /* UIButton++.swift */ = {isa = PBXFileReference; lastKnownFileType = sourcecode.swift; path = "UIButton++.swift"; sourceTree = "<group>"; };
		9E05D3542AD6736000F4CA43 /* UIColor++.swift */ = {isa = PBXFileReference; lastKnownFileType = sourcecode.swift; path = "UIColor++.swift"; sourceTree = "<group>"; };
		9E76B9092AFCA78500338E2C /* URLConst.swift */ = {isa = PBXFileReference; lastKnownFileType = sourcecode.swift; path = URLConst.swift; sourceTree = "<group>"; };
		9E76B90B2AFCA79B00338E2C /* NetworkResult.swift */ = {isa = PBXFileReference; lastKnownFileType = sourcecode.swift; path = NetworkResult.swift; sourceTree = "<group>"; };
		9E76B90D2AFCA7A600338E2C /* BaseTargetType.swift */ = {isa = PBXFileReference; lastKnownFileType = sourcecode.swift; path = BaseTargetType.swift; sourceTree = "<group>"; };
		9E76B90F2AFCA7B200338E2C /* BaseAPI.swift */ = {isa = PBXFileReference; lastKnownFileType = sourcecode.swift; path = BaseAPI.swift; sourceTree = "<group>"; };
		9E76B9112AFCA7BD00338E2C /* AFLogger.swift */ = {isa = PBXFileReference; lastKnownFileType = sourcecode.swift; path = AFLogger.swift; sourceTree = "<group>"; };
		9E9307352AEFB7E600E8C667 /* BaseRouter.swift */ = {isa = PBXFileReference; lastKnownFileType = sourcecode.swift; path = BaseRouter.swift; sourceTree = "<group>"; };
		E31AFE2D2AF0F3790066448E /* CalendarViewController.swift */ = {isa = PBXFileReference; lastKnownFileType = sourcecode.swift; path = CalendarViewController.swift; sourceTree = "<group>"; };
		E31AFE2F2AF0F6370066448E /* retrospectDataModel.swift */ = {isa = PBXFileReference; lastKnownFileType = sourcecode.swift; path = retrospectDataModel.swift; sourceTree = "<group>"; };
		E36B663C2AFB7DC8006888C8 /* retrospectTableViewCell.swift */ = {isa = PBXFileReference; lastKnownFileType = sourcecode.swift; path = retrospectTableViewCell.swift; sourceTree = "<group>"; };
		E3A9A2C82AFE3CB4005D6E80 /* WriteView.swift */ = {isa = PBXFileReference; lastKnownFileType = sourcecode.swift; path = WriteView.swift; sourceTree = "<group>"; };
		E3A9A2CA2AFE3CC2005D6E80 /* WriteViewController.swift */ = {isa = PBXFileReference; lastKnownFileType = sourcecode.swift; path = WriteViewController.swift; sourceTree = "<group>"; };
/* End PBXFileReference section */

/* Begin PBXFrameworksBuildPhase section */
		9E05D3032AD5431300F4CA43 /* Frameworks */ = {
			isa = PBXFrameworksBuildPhase;
			buildActionMask = 2147483647;
			files = (
				9E05D3392AD671CE00F4CA43 /* SnapKit in Frameworks */,
				9E05D3332AD671BD00F4CA43 /* Alamofire in Frameworks */,
				9E05D3362AD671C600F4CA43 /* Then in Frameworks */,
				9E05D33B2AD671CE00F4CA43 /* SnapKit-Dynamic in Frameworks */,
				9E05D33E2AD671D800F4CA43 /* Kingfisher in Frameworks */,
			);
			runOnlyForDeploymentPostprocessing = 0;
		};
/* End PBXFrameworksBuildPhase section */

/* Begin PBXGroup section */
		9E05D2FD2AD5431300F4CA43 = {
			isa = PBXGroup;
			children = (
				9E05D3082AD5431300F4CA43 /* Footmark */,
				9E05D3072AD5431300F4CA43 /* Products */,
			);
			sourceTree = "<group>";
		};
		9E05D3072AD5431300F4CA43 /* Products */ = {
			isa = PBXGroup;
			children = (
				9E05D3062AD5431300F4CA43 /* Footmark.app */,
			);
			name = Products;
			sourceTree = "<group>";
		};
		9E05D3082AD5431300F4CA43 /* Footmark */ = {
			isa = PBXGroup;
			children = (
				9E05D31D2AD5434900F4CA43 /* Application */,
				9E05D31E2AD5435000F4CA43 /* Network */,
				9E05D31F2AD5435700F4CA43 /* Presentation */,
				9E05D3202AD5435D00F4CA43 /* Resource */,
				9E05D3212AD5436200F4CA43 /* Util */,
				9E05D3142AD5431500F4CA43 /* LaunchScreen.storyboard */,
			);
			path = Footmark;
			sourceTree = "<group>";
		};
		9E05D31D2AD5434900F4CA43 /* Application */ = {
			isa = PBXGroup;
			children = (
				9E05D3092AD5431300F4CA43 /* AppDelegate.swift */,
				9E05D30B2AD5431300F4CA43 /* SceneDelegate.swift */,
				9E05D3172AD5431500F4CA43 /* Info.plist */,
			);
			path = Application;
			sourceTree = "<group>";
		};
		9E05D31E2AD5435000F4CA43 /* Network */ = {
			isa = PBXGroup;
			children = (
				9E9307332AEFB79F00E8C667 /* Router */,
				9E05D3252AD5439000F4CA43 /* Config */,
				9E05D3242AD5438C00F4CA43 /* API */,
				9E05D3232AD5438700F4CA43 /* DTO */,
				9E05D3222AD5438100F4CA43 /* Foundation */,
			);
			path = Network;
			sourceTree = "<group>";
		};
		9E05D31F2AD5435700F4CA43 /* Presentation */ = {
			isa = PBXGroup;
			children = (
 Feature/#2
				E3A9A2C52AFE3B05005D6E80 /* Write */,
				E31AFE272AF0F30A0066448E /* Calendar */,
				9E05D33F2AD671F000F4CA43 /* ViewController */,
				9E05D32E2AD552A800F4CA43 /* View */,

 main
			);
			path = Presentation;
			sourceTree = "<group>";
		};
		9E05D3202AD5435D00F4CA43 /* Resource */ = {
			isa = PBXGroup;
			children = (
				9E05D3412AD6722700F4CA43 /* Font */,
				9E05D3402AD6722000F4CA43 /* AssetsCatalog */,
			);
			path = Resource;
			sourceTree = "<group>";
		};
		9E05D3212AD5436200F4CA43 /* Util */ = {
			isa = PBXGroup;
			children = (
				9E05D3452AD6724F00F4CA43 /* NameSpace */,
				9E05D3442AD6724600F4CA43 /* Extension */,
			);
			path = Util;
			sourceTree = "<group>";
		};
		9E05D3222AD5438100F4CA43 /* Foundation */ = {
			isa = PBXGroup;
			children = (
				9E05D32C2AD543BD00F4CA43 /* BaseResponse.swift */,
				9E76B9092AFCA78500338E2C /* URLConst.swift */,
				9E76B90B2AFCA79B00338E2C /* NetworkResult.swift */,
				9E76B90D2AFCA7A600338E2C /* BaseTargetType.swift */,
				9E76B90F2AFCA7B200338E2C /* BaseAPI.swift */,
				9E76B9112AFCA7BD00338E2C /* AFLogger.swift */,
			);
			path = Foundation;
			sourceTree = "<group>";
		};
		9E05D3232AD5438700F4CA43 /* DTO */ = {
			isa = PBXGroup;
			children = (
				9E05D32A2AD543AA00F4CA43 /* DTO.swift */,
			);
			path = DTO;
			sourceTree = "<group>";
		};
		9E05D3242AD5438C00F4CA43 /* API */ = {
			isa = PBXGroup;
			children = (
				9E05D3282AD5439F00F4CA43 /* API.swift */,
			);
			path = API;
			sourceTree = "<group>";
		};
		9E05D3252AD5439000F4CA43 /* Config */ = {
			isa = PBXGroup;
			children = (
				9E05D3262AD5439900F4CA43 /* Config.swift */,
			);
			path = Config;
			sourceTree = "<group>";
		};
		9E05D32E2AD552A800F4CA43 /* View */ = {
			isa = PBXGroup;
			children = (
				9E05D32F2AD6719E00F4CA43 /* BaseView.swift */,
			);
			path = View;
			sourceTree = "<group>";
		};
		9E05D33F2AD671F000F4CA43 /* ViewController */ = {
			isa = PBXGroup;
			children = (
				9E05D30D2AD5431300F4CA43 /* BaseViewController.swift */,
			);
			path = ViewController;
			sourceTree = "<group>";
		};
		9E05D3402AD6722000F4CA43 /* AssetsCatalog */ = {
			isa = PBXGroup;
			children = (
				9E05D3122AD5431500F4CA43 /* Assets.xcassets */,
			);
			path = AssetsCatalog;
			sourceTree = "<group>";
		};
		9E05D3412AD6722700F4CA43 /* Font */ = {
			isa = PBXGroup;
			children = (
				9E05D3422AD6722F00F4CA43 /* Font.swift */,
			);
			path = Font;
			sourceTree = "<group>";
		};
		9E05D3442AD6724600F4CA43 /* Extension */ = {
			isa = PBXGroup;
			children = (
				9E05D3482AD6728F00F4CA43 /* UIView++.swift */,
				9E05D34A2AD672EB00F4CA43 /* UIStackView++.swift */,
				9E05D34C2AD672FE00F4CA43 /* UIResponder++.swift */,
				9E05D34E2AD6731200F4CA43 /* UIViewController++.swift */,
				9E05D3502AD6732F00F4CA43 /* UITextField++.swift */,
				9E05D3522AD6734600F4CA43 /* UIButton++.swift */,
				9E05D3542AD6736000F4CA43 /* UIColor++.swift */,
			);
			path = Extension;
			sourceTree = "<group>";
		};
		9E05D3452AD6724F00F4CA43 /* NameSpace */ = {
			isa = PBXGroup;
			children = (
				9E05D3462AD6725F00F4CA43 /* Image.swift */,
			);
			path = NameSpace;
			sourceTree = "<group>";
		};
		9E76B9062AFCA70700338E2C /* Base */ = {
			isa = PBXGroup;
			children = (
				9E05D32E2AD552A800F4CA43 /* View */,
				9E05D33F2AD671F000F4CA43 /* ViewController */,
			);
			path = Base;
			sourceTree = "<group>";
		};
		9E9307332AEFB79F00E8C667 /* Router */ = {
			isa = PBXGroup;
			children = (
				9E9307342AEFB7D800E8C667 /* BaseRouter */,
			);
			path = Router;
			sourceTree = "<group>";
		};
		9E9307342AEFB7D800E8C667 /* BaseRouter */ = {
			isa = PBXGroup;
			children = (
				9E9307352AEFB7E600E8C667 /* BaseRouter.swift */,
			);
			path = BaseRouter;
			sourceTree = "<group>";
		};
		E31AFE272AF0F30A0066448E /* Calendar */ = {
			isa = PBXGroup;
			children = (
				E31AFE2A2AF0F33A0066448E /* DataModel */,
				E31AFE292AF0F3350066448E /* ViewController */,
				E31AFE282AF0F32F0066448E /* View */,
			);
			path = Calendar;
			sourceTree = "<group>";
		};
		E31AFE282AF0F32F0066448E /* View */ = {
			isa = PBXGroup;
			children = (
				E36B663C2AFB7DC8006888C8 /* retrospectTableViewCell.swift */,
			);
			path = View;
			sourceTree = "<group>";
		};
		E31AFE292AF0F3350066448E /* ViewController */ = {
			isa = PBXGroup;
			children = (
				E31AFE2D2AF0F3790066448E /* CalendarViewController.swift */,
			);
			path = ViewController;
			sourceTree = "<group>";
		};
		E31AFE2A2AF0F33A0066448E /* DataModel */ = {
			isa = PBXGroup;
			children = (
				E31AFE2F2AF0F6370066448E /* retrospectDataModel.swift */,
			);
			path = DataModel;
			sourceTree = "<group>";
		};
		E3A9A2C52AFE3B05005D6E80 /* Write */ = {
			isa = PBXGroup;
			children = (
				E3A9A2C72AFE3B1C005D6E80 /* View */,
				E3A9A2C62AFE3B14005D6E80 /* ViewController */,
			);
			path = Write;
			sourceTree = "<group>";
		};
		E3A9A2C62AFE3B14005D6E80 /* ViewController */ = {
			isa = PBXGroup;
			children = (
				E3A9A2CA2AFE3CC2005D6E80 /* WriteViewController.swift */,
			);
			path = ViewController;
			sourceTree = "<group>";
		};
		E3A9A2C72AFE3B1C005D6E80 /* View */ = {
			isa = PBXGroup;
			children = (
				E3A9A2C82AFE3CB4005D6E80 /* WriteView.swift */,
			);
			path = View;
			sourceTree = "<group>";
		};
/* End PBXGroup section */

/* Begin PBXNativeTarget section */
		9E05D3052AD5431300F4CA43 /* Footmark */ = {
			isa = PBXNativeTarget;
			buildConfigurationList = 9E05D31A2AD5431500F4CA43 /* Build configuration list for PBXNativeTarget "Footmark" */;
			buildPhases = (
				9E05D3022AD5431300F4CA43 /* Sources */,
				9E05D3032AD5431300F4CA43 /* Frameworks */,
				9E05D3042AD5431300F4CA43 /* Resources */,
			);
			buildRules = (
			);
			dependencies = (
			);
			name = Footmark;
			packageProductDependencies = (
				9E05D3322AD671BD00F4CA43 /* Alamofire */,
				9E05D3352AD671C600F4CA43 /* Then */,
				9E05D3382AD671CE00F4CA43 /* SnapKit */,
				9E05D33A2AD671CE00F4CA43 /* SnapKit-Dynamic */,
				9E05D33D2AD671D800F4CA43 /* Kingfisher */,
			);
			productName = Footmark;
			productReference = 9E05D3062AD5431300F4CA43 /* Footmark.app */;
			productType = "com.apple.product-type.application";
		};
/* End PBXNativeTarget section */

/* Begin PBXProject section */
		9E05D2FE2AD5431300F4CA43 /* Project object */ = {
			isa = PBXProject;
			attributes = {
				BuildIndependentTargetsInParallel = 1;
				LastSwiftUpdateCheck = 1500;
				LastUpgradeCheck = 1500;
				TargetAttributes = {
					9E05D3052AD5431300F4CA43 = {
						CreatedOnToolsVersion = 15.0;
					};
				};
			};
			buildConfigurationList = 9E05D3012AD5431300F4CA43 /* Build configuration list for PBXProject "Footmark" */;
			compatibilityVersion = "Xcode 14.0";
			developmentRegion = en;
			hasScannedForEncodings = 0;
			knownRegions = (
				en,
				Base,
			);
			mainGroup = 9E05D2FD2AD5431300F4CA43;
			packageReferences = (
				9E05D3312AD671BD00F4CA43 /* XCRemoteSwiftPackageReference "Alamofire" */,
				9E05D3342AD671C600F4CA43 /* XCRemoteSwiftPackageReference "Then" */,
				9E05D3372AD671CE00F4CA43 /* XCRemoteSwiftPackageReference "SnapKit" */,
				9E05D33C2AD671D800F4CA43 /* XCRemoteSwiftPackageReference "Kingfisher" */,
			);
			productRefGroup = 9E05D3072AD5431300F4CA43 /* Products */;
			projectDirPath = "";
			projectRoot = "";
			targets = (
				9E05D3052AD5431300F4CA43 /* Footmark */,
			);
		};
/* End PBXProject section */

/* Begin PBXResourcesBuildPhase section */
		9E05D3042AD5431300F4CA43 /* Resources */ = {
			isa = PBXResourcesBuildPhase;
			buildActionMask = 2147483647;
			files = (
				9E05D3162AD5431500F4CA43 /* LaunchScreen.storyboard in Resources */,
				9E05D3132AD5431500F4CA43 /* Assets.xcassets in Resources */,
			);
			runOnlyForDeploymentPostprocessing = 0;
		};
/* End PBXResourcesBuildPhase section */

/* Begin PBXSourcesBuildPhase section */
		9E05D3022AD5431300F4CA43 /* Sources */ = {
			isa = PBXSourcesBuildPhase;
			buildActionMask = 2147483647;
			files = (
				E31AFE302AF0F6370066448E /* retrospectDataModel.swift in Sources */,
				E31AFE2E2AF0F3790066448E /* CalendarViewController.swift in Sources */,
				9E05D34F2AD6731200F4CA43 /* UIViewController++.swift in Sources */,
				E36B663D2AFB7DC8006888C8 /* retrospectTableViewCell.swift in Sources */,
				9E9307362AEFB7E600E8C667 /* BaseRouter.swift in Sources */,
				9E05D30E2AD5431300F4CA43 /* BaseViewController.swift in Sources */,
				9E76B90A2AFCA78500338E2C /* URLConst.swift in Sources */,
				9E05D3272AD5439900F4CA43 /* Config.swift in Sources */,
				9E05D34D2AD672FE00F4CA43 /* UIResponder++.swift in Sources */,
				9E05D3552AD6736000F4CA43 /* UIColor++.swift in Sources */,
				9E05D30A2AD5431300F4CA43 /* AppDelegate.swift in Sources */,
				E3A9A2CB2AFE3CC2005D6E80 /* WriteViewController.swift in Sources */,
				9E05D32B2AD543AA00F4CA43 /* DTO.swift in Sources */,
				9E05D32D2AD543BD00F4CA43 /* BaseResponse.swift in Sources */,
				9E05D3432AD6722F00F4CA43 /* Font.swift in Sources */,
				9E76B90C2AFCA79B00338E2C /* NetworkResult.swift in Sources */,
				9E05D30C2AD5431300F4CA43 /* SceneDelegate.swift in Sources */,
				9E05D3292AD5439F00F4CA43 /* API.swift in Sources */,
				9E05D3512AD6732F00F4CA43 /* UITextField++.swift in Sources */,
				E3A9A2C92AFE3CB4005D6E80 /* WriteView.swift in Sources */,
				9E05D3532AD6734600F4CA43 /* UIButton++.swift in Sources */,
				9E05D3302AD6719E00F4CA43 /* BaseView.swift in Sources */,
				9E76B9122AFCA7BD00338E2C /* AFLogger.swift in Sources */,
				9E76B9102AFCA7B200338E2C /* BaseAPI.swift in Sources */,
				9E76B90E2AFCA7A600338E2C /* BaseTargetType.swift in Sources */,
				9E05D3472AD6725F00F4CA43 /* Image.swift in Sources */,
				9E05D3492AD6728F00F4CA43 /* UIView++.swift in Sources */,
				9E05D34B2AD672EB00F4CA43 /* UIStackView++.swift in Sources */,
			);
			runOnlyForDeploymentPostprocessing = 0;
		};
/* End PBXSourcesBuildPhase section */

/* Begin PBXVariantGroup section */
		9E05D3142AD5431500F4CA43 /* LaunchScreen.storyboard */ = {
			isa = PBXVariantGroup;
			children = (
				9E05D3152AD5431500F4CA43 /* Base */,
			);
			name = LaunchScreen.storyboard;
			sourceTree = "<group>";
		};
/* End PBXVariantGroup section */

/* Begin XCBuildConfiguration section */
		9E05D3182AD5431500F4CA43 /* Debug */ = {
			isa = XCBuildConfiguration;
			buildSettings = {
				ALWAYS_SEARCH_USER_PATHS = NO;
				ASSETCATALOG_COMPILER_GENERATE_SWIFT_ASSET_SYMBOL_EXTENSIONS = YES;
				CLANG_ANALYZER_NONNULL = YES;
				CLANG_ANALYZER_NUMBER_OBJECT_CONVERSION = YES_AGGRESSIVE;
				CLANG_CXX_LANGUAGE_STANDARD = "gnu++20";
				CLANG_ENABLE_MODULES = YES;
				CLANG_ENABLE_OBJC_ARC = YES;
				CLANG_ENABLE_OBJC_WEAK = YES;
				CLANG_WARN_BLOCK_CAPTURE_AUTORELEASING = YES;
				CLANG_WARN_BOOL_CONVERSION = YES;
				CLANG_WARN_COMMA = YES;
				CLANG_WARN_CONSTANT_CONVERSION = YES;
				CLANG_WARN_DEPRECATED_OBJC_IMPLEMENTATIONS = YES;
				CLANG_WARN_DIRECT_OBJC_ISA_USAGE = YES_ERROR;
				CLANG_WARN_DOCUMENTATION_COMMENTS = YES;
				CLANG_WARN_EMPTY_BODY = YES;
				CLANG_WARN_ENUM_CONVERSION = YES;
				CLANG_WARN_INFINITE_RECURSION = YES;
				CLANG_WARN_INT_CONVERSION = YES;
				CLANG_WARN_NON_LITERAL_NULL_CONVERSION = YES;
				CLANG_WARN_OBJC_IMPLICIT_RETAIN_SELF = YES;
				CLANG_WARN_OBJC_LITERAL_CONVERSION = YES;
				CLANG_WARN_OBJC_ROOT_CLASS = YES_ERROR;
				CLANG_WARN_QUOTED_INCLUDE_IN_FRAMEWORK_HEADER = YES;
				CLANG_WARN_RANGE_LOOP_ANALYSIS = YES;
				CLANG_WARN_STRICT_PROTOTYPES = YES;
				CLANG_WARN_SUSPICIOUS_MOVE = YES;
				CLANG_WARN_UNGUARDED_AVAILABILITY = YES_AGGRESSIVE;
				CLANG_WARN_UNREACHABLE_CODE = YES;
				CLANG_WARN__DUPLICATE_METHOD_MATCH = YES;
				COPY_PHASE_STRIP = NO;
				DEBUG_INFORMATION_FORMAT = dwarf;
				ENABLE_STRICT_OBJC_MSGSEND = YES;
				ENABLE_TESTABILITY = YES;
				ENABLE_USER_SCRIPT_SANDBOXING = YES;
				GCC_C_LANGUAGE_STANDARD = gnu17;
				GCC_DYNAMIC_NO_PIC = NO;
				GCC_NO_COMMON_BLOCKS = YES;
				GCC_OPTIMIZATION_LEVEL = 0;
				GCC_PREPROCESSOR_DEFINITIONS = (
					"DEBUG=1",
					"$(inherited)",
				);
				GCC_WARN_64_TO_32_BIT_CONVERSION = YES;
				GCC_WARN_ABOUT_RETURN_TYPE = YES_ERROR;
				GCC_WARN_UNDECLARED_SELECTOR = YES;
				GCC_WARN_UNINITIALIZED_AUTOS = YES_AGGRESSIVE;
				GCC_WARN_UNUSED_FUNCTION = YES;
				GCC_WARN_UNUSED_VARIABLE = YES;
				IPHONEOS_DEPLOYMENT_TARGET = 17.0;
				LOCALIZATION_PREFERS_STRING_CATALOGS = YES;
				MTL_ENABLE_DEBUG_INFO = INCLUDE_SOURCE;
				MTL_FAST_MATH = YES;
				ONLY_ACTIVE_ARCH = YES;
				SDKROOT = iphoneos;
				SWIFT_ACTIVE_COMPILATION_CONDITIONS = "DEBUG $(inherited)";
				SWIFT_OPTIMIZATION_LEVEL = "-Onone";
			};
			name = Debug;
		};
		9E05D3192AD5431500F4CA43 /* Release */ = {
			isa = XCBuildConfiguration;
			buildSettings = {
				ALWAYS_SEARCH_USER_PATHS = NO;
				ASSETCATALOG_COMPILER_GENERATE_SWIFT_ASSET_SYMBOL_EXTENSIONS = YES;
				CLANG_ANALYZER_NONNULL = YES;
				CLANG_ANALYZER_NUMBER_OBJECT_CONVERSION = YES_AGGRESSIVE;
				CLANG_CXX_LANGUAGE_STANDARD = "gnu++20";
				CLANG_ENABLE_MODULES = YES;
				CLANG_ENABLE_OBJC_ARC = YES;
				CLANG_ENABLE_OBJC_WEAK = YES;
				CLANG_WARN_BLOCK_CAPTURE_AUTORELEASING = YES;
				CLANG_WARN_BOOL_CONVERSION = YES;
				CLANG_WARN_COMMA = YES;
				CLANG_WARN_CONSTANT_CONVERSION = YES;
				CLANG_WARN_DEPRECATED_OBJC_IMPLEMENTATIONS = YES;
				CLANG_WARN_DIRECT_OBJC_ISA_USAGE = YES_ERROR;
				CLANG_WARN_DOCUMENTATION_COMMENTS = YES;
				CLANG_WARN_EMPTY_BODY = YES;
				CLANG_WARN_ENUM_CONVERSION = YES;
				CLANG_WARN_INFINITE_RECURSION = YES;
				CLANG_WARN_INT_CONVERSION = YES;
				CLANG_WARN_NON_LITERAL_NULL_CONVERSION = YES;
				CLANG_WARN_OBJC_IMPLICIT_RETAIN_SELF = YES;
				CLANG_WARN_OBJC_LITERAL_CONVERSION = YES;
				CLANG_WARN_OBJC_ROOT_CLASS = YES_ERROR;
				CLANG_WARN_QUOTED_INCLUDE_IN_FRAMEWORK_HEADER = YES;
				CLANG_WARN_RANGE_LOOP_ANALYSIS = YES;
				CLANG_WARN_STRICT_PROTOTYPES = YES;
				CLANG_WARN_SUSPICIOUS_MOVE = YES;
				CLANG_WARN_UNGUARDED_AVAILABILITY = YES_AGGRESSIVE;
				CLANG_WARN_UNREACHABLE_CODE = YES;
				CLANG_WARN__DUPLICATE_METHOD_MATCH = YES;
				COPY_PHASE_STRIP = NO;
				DEBUG_INFORMATION_FORMAT = "dwarf-with-dsym";
				ENABLE_NS_ASSERTIONS = NO;
				ENABLE_STRICT_OBJC_MSGSEND = YES;
				ENABLE_USER_SCRIPT_SANDBOXING = YES;
				GCC_C_LANGUAGE_STANDARD = gnu17;
				GCC_NO_COMMON_BLOCKS = YES;
				GCC_WARN_64_TO_32_BIT_CONVERSION = YES;
				GCC_WARN_ABOUT_RETURN_TYPE = YES_ERROR;
				GCC_WARN_UNDECLARED_SELECTOR = YES;
				GCC_WARN_UNINITIALIZED_AUTOS = YES_AGGRESSIVE;
				GCC_WARN_UNUSED_FUNCTION = YES;
				GCC_WARN_UNUSED_VARIABLE = YES;
				IPHONEOS_DEPLOYMENT_TARGET = 17.0;
				LOCALIZATION_PREFERS_STRING_CATALOGS = YES;
				MTL_ENABLE_DEBUG_INFO = NO;
				MTL_FAST_MATH = YES;
				SDKROOT = iphoneos;
				SWIFT_COMPILATION_MODE = wholemodule;
				VALIDATE_PRODUCT = YES;
			};
			name = Release;
		};
		9E05D31B2AD5431500F4CA43 /* Debug */ = {
			isa = XCBuildConfiguration;
			buildSettings = {
				ASSETCATALOG_COMPILER_APPICON_NAME = AppIcon;
				ASSETCATALOG_COMPILER_GLOBAL_ACCENT_COLOR_NAME = AccentColor;
				CODE_SIGN_STYLE = Automatic;
				CURRENT_PROJECT_VERSION = 1;
				GENERATE_INFOPLIST_FILE = YES;
				INFOPLIST_FILE = Footmark/Application/Info.plist;
				INFOPLIST_KEY_UIApplicationSupportsIndirectInputEvents = YES;
				INFOPLIST_KEY_UILaunchStoryboardName = LaunchScreen;
				INFOPLIST_KEY_UISupportedInterfaceOrientations_iPad = "UIInterfaceOrientationPortrait UIInterfaceOrientationPortraitUpsideDown UIInterfaceOrientationLandscapeLeft UIInterfaceOrientationLandscapeRight";
				INFOPLIST_KEY_UISupportedInterfaceOrientations_iPhone = "UIInterfaceOrientationPortrait UIInterfaceOrientationLandscapeLeft UIInterfaceOrientationLandscapeRight";
				LD_RUNPATH_SEARCH_PATHS = (
					"$(inherited)",
					"@executable_path/Frameworks",
				);
				MARKETING_VERSION = 1.0;
				PRODUCT_BUNDLE_IDENTIFIER = com.test.Footmark;
				PRODUCT_NAME = "$(TARGET_NAME)";
				SWIFT_EMIT_LOC_STRINGS = YES;
				SWIFT_VERSION = 5.0;
				TARGETED_DEVICE_FAMILY = "1,2";
			};
			name = Debug;
		};
		9E05D31C2AD5431500F4CA43 /* Release */ = {
			isa = XCBuildConfiguration;
			buildSettings = {
				ASSETCATALOG_COMPILER_APPICON_NAME = AppIcon;
				ASSETCATALOG_COMPILER_GLOBAL_ACCENT_COLOR_NAME = AccentColor;
				CODE_SIGN_STYLE = Automatic;
				CURRENT_PROJECT_VERSION = 1;
				GENERATE_INFOPLIST_FILE = YES;
				INFOPLIST_FILE = Footmark/Application/Info.plist;
				INFOPLIST_KEY_UIApplicationSupportsIndirectInputEvents = YES;
				INFOPLIST_KEY_UILaunchStoryboardName = LaunchScreen;
				INFOPLIST_KEY_UISupportedInterfaceOrientations_iPad = "UIInterfaceOrientationPortrait UIInterfaceOrientationPortraitUpsideDown UIInterfaceOrientationLandscapeLeft UIInterfaceOrientationLandscapeRight";
				INFOPLIST_KEY_UISupportedInterfaceOrientations_iPhone = "UIInterfaceOrientationPortrait UIInterfaceOrientationLandscapeLeft UIInterfaceOrientationLandscapeRight";
				LD_RUNPATH_SEARCH_PATHS = (
					"$(inherited)",
					"@executable_path/Frameworks",
				);
				MARKETING_VERSION = 1.0;
				PRODUCT_BUNDLE_IDENTIFIER = com.test.Footmark;
				PRODUCT_NAME = "$(TARGET_NAME)";
				SWIFT_EMIT_LOC_STRINGS = YES;
				SWIFT_VERSION = 5.0;
				TARGETED_DEVICE_FAMILY = "1,2";
			};
			name = Release;
		};
/* End XCBuildConfiguration section */

/* Begin XCConfigurationList section */
		9E05D3012AD5431300F4CA43 /* Build configuration list for PBXProject "Footmark" */ = {
			isa = XCConfigurationList;
			buildConfigurations = (
				9E05D3182AD5431500F4CA43 /* Debug */,
				9E05D3192AD5431500F4CA43 /* Release */,
			);
			defaultConfigurationIsVisible = 0;
			defaultConfigurationName = Release;
		};
		9E05D31A2AD5431500F4CA43 /* Build configuration list for PBXNativeTarget "Footmark" */ = {
			isa = XCConfigurationList;
			buildConfigurations = (
				9E05D31B2AD5431500F4CA43 /* Debug */,
				9E05D31C2AD5431500F4CA43 /* Release */,
			);
			defaultConfigurationIsVisible = 0;
			defaultConfigurationName = Release;
		};
/* End XCConfigurationList section */

/* Begin XCRemoteSwiftPackageReference section */
		9E05D3312AD671BD00F4CA43 /* XCRemoteSwiftPackageReference "Alamofire" */ = {
			isa = XCRemoteSwiftPackageReference;
			repositoryURL = "https://github.com/Alamofire/Alamofire.git";
			requirement = {
				kind = upToNextMajorVersion;
				minimumVersion = 5.8.0;
			};
		};
		9E05D3342AD671C600F4CA43 /* XCRemoteSwiftPackageReference "Then" */ = {
			isa = XCRemoteSwiftPackageReference;
			repositoryURL = "https://github.com/devxoul/Then.git";
			requirement = {
				kind = upToNextMajorVersion;
				minimumVersion = 3.0.0;
			};
		};
		9E05D3372AD671CE00F4CA43 /* XCRemoteSwiftPackageReference "SnapKit" */ = {
			isa = XCRemoteSwiftPackageReference;
			repositoryURL = "https://github.com/SnapKit/SnapKit.git";
			requirement = {
				kind = upToNextMajorVersion;
				minimumVersion = 5.6.0;
			};
		};
		9E05D33C2AD671D800F4CA43 /* XCRemoteSwiftPackageReference "Kingfisher" */ = {
			isa = XCRemoteSwiftPackageReference;
			repositoryURL = "https://github.com/onevcat/Kingfisher.git";
			requirement = {
				kind = upToNextMajorVersion;
				minimumVersion = 7.9.1;
			};
		};
/* End XCRemoteSwiftPackageReference section */

/* Begin XCSwiftPackageProductDependency section */
		9E05D3322AD671BD00F4CA43 /* Alamofire */ = {
			isa = XCSwiftPackageProductDependency;
			package = 9E05D3312AD671BD00F4CA43 /* XCRemoteSwiftPackageReference "Alamofire" */;
			productName = Alamofire;
		};
		9E05D3352AD671C600F4CA43 /* Then */ = {
			isa = XCSwiftPackageProductDependency;
			package = 9E05D3342AD671C600F4CA43 /* XCRemoteSwiftPackageReference "Then" */;
			productName = Then;
		};
		9E05D3382AD671CE00F4CA43 /* SnapKit */ = {
			isa = XCSwiftPackageProductDependency;
			package = 9E05D3372AD671CE00F4CA43 /* XCRemoteSwiftPackageReference "SnapKit" */;
			productName = SnapKit;
		};
		9E05D33A2AD671CE00F4CA43 /* SnapKit-Dynamic */ = {
			isa = XCSwiftPackageProductDependency;
			package = 9E05D3372AD671CE00F4CA43 /* XCRemoteSwiftPackageReference "SnapKit" */;
			productName = "SnapKit-Dynamic";
		};
		9E05D33D2AD671D800F4CA43 /* Kingfisher */ = {
			isa = XCSwiftPackageProductDependency;
			package = 9E05D33C2AD671D800F4CA43 /* XCRemoteSwiftPackageReference "Kingfisher" */;
			productName = Kingfisher;
		};
/* End XCSwiftPackageProductDependency section */
	};
	rootObject = 9E05D2FE2AD5431300F4CA43 /* Project object */;
}
